
Microsoft Visual Studio Solution File, Format Version 12.00
# Visual Studio Version 16
VisualStudioVersion = 16.0.30114.105
MinimumVisualStudioVersion = 10.0.40219.1
Project("{2150E333-8FDC-42A3-9474-1A3956D46DE8}") = "tests", "tests", "{E21B03F0-DFDF-4802-BCC7-7AA02625F3E5}"
EndProject
Project("{FAE04EC0-301F-11D3-BF4B-00C04F79EFBC}") = "Encryptonize.Client.Tests", "tests\Encryptonize.Client.Tests\Encryptonize.Client.Tests.csproj", "{32A9E3D4-980A-41B8-BD41-96ECF88C1B8B}"
EndProject
Project("{FAE04EC0-301F-11D3-BF4B-00C04F79EFBC}") = "Encryptonize.Client", "src\Encryptonize.Client.csproj", "{CDC7A9DA-568C-48A0-BDC2-AF4A8E81AE6B}"
EndProject
Global
	GlobalSection(SolutionConfigurationPlatforms) = preSolution
		Debug|Any CPU = Debug|Any CPU
		Release|Any CPU = Release|Any CPU
	EndGlobalSection
	GlobalSection(SolutionProperties) = preSolution
		HideSolutionNode = FALSE
	EndGlobalSection
	GlobalSection(ProjectConfigurationPlatforms) = postSolution
		{32A9E3D4-980A-41B8-BD41-96ECF88C1B8B}.Debug|Any CPU.ActiveCfg = Debug|Any CPU
		{32A9E3D4-980A-41B8-BD41-96ECF88C1B8B}.Debug|Any CPU.Build.0 = Debug|Any CPU
		{32A9E3D4-980A-41B8-BD41-96ECF88C1B8B}.Release|Any CPU.ActiveCfg = Release|Any CPU
		{32A9E3D4-980A-41B8-BD41-96ECF88C1B8B}.Release|Any CPU.Build.0 = Release|Any CPU
		{CDC7A9DA-568C-48A0-BDC2-AF4A8E81AE6B}.Debug|Any CPU.ActiveCfg = Debug|Any CPU
		{CDC7A9DA-568C-48A0-BDC2-AF4A8E81AE6B}.Debug|Any CPU.Build.0 = Debug|Any CPU
		{CDC7A9DA-568C-48A0-BDC2-AF4A8E81AE6B}.Release|Any CPU.ActiveCfg = Release|Any CPU
		{CDC7A9DA-568C-48A0-BDC2-AF4A8E81AE6B}.Release|Any CPU.Build.0 = Release|Any CPU
	EndGlobalSection
	GlobalSection(NestedProjects) = preSolution
		{32A9E3D4-980A-41B8-BD41-96ECF88C1B8B} = {E21B03F0-DFDF-4802-BCC7-7AA02625F3E5}
	EndGlobalSection
EndGlobal
